
Microsoft Visual Studio Solution File, Format Version 12.00
# Visual Studio 15
VisualStudioVersion = 15.0.28010.2003
MinimumVisualStudioVersion = 10.0.40219.1
Project("{FAE04EC0-301F-11D3-BF4B-00C04F79EFBC}") = "WU18.Akka.MovieStreaming.App", "WU18.Akka.MovieStreaming.App\WU18.Akka.MovieStreaming.App.csproj", "{CD931CF1-7908-46E0-A27A-99506AF3413D}"
EndProject
Project("{FAE04EC0-301F-11D3-BF4B-00C04F79EFBC}") = "WU18.Akka.MovieStreaming.RemoteApp", "WU18.Akka.MovieStreaming.RemoteApp\WU18.Akka.MovieStreaming.RemoteApp.csproj", "{E2705268-F5EC-4BA3-B260-DBAA908D7DB4}"
EndProject
Project("{FAE04EC0-301F-11D3-BF4B-00C04F79EFBC}") = "WU18.Akka.MovieStreaming.Core", "WU18.Akka.MovieStreaming.Core\WU18.Akka.MovieStreaming.Core.csproj", "{3ADA3F25-F2F7-49B8-BFFF-77B9DF251DD4}"
EndProject
Global
	GlobalSection(SolutionConfigurationPlatforms) = preSolution
		Debug|Any CPU = Debug|Any CPU
		Release|Any CPU = Release|Any CPU
	EndGlobalSection
	GlobalSection(ProjectConfigurationPlatforms) = postSolution
		{CD931CF1-7908-46E0-A27A-99506AF3413D}.Debug|Any CPU.ActiveCfg = Debug|Any CPU
		{CD931CF1-7908-46E0-A27A-99506AF3413D}.Debug|Any CPU.Build.0 = Debug|Any CPU
		{CD931CF1-7908-46E0-A27A-99506AF3413D}.Release|Any CPU.ActiveCfg = Release|Any CPU
		{CD931CF1-7908-46E0-A27A-99506AF3413D}.Release|Any CPU.Build.0 = Release|Any CPU
		{E2705268-F5EC-4BA3-B260-DBAA908D7DB4}.Debug|Any CPU.ActiveCfg = Debug|Any CPU
		{E2705268-F5EC-4BA3-B260-DBAA908D7DB4}.Debug|Any CPU.Build.0 = Debug|Any CPU
		{E2705268-F5EC-4BA3-B260-DBAA908D7DB4}.Release|Any CPU.ActiveCfg = Release|Any CPU
		{E2705268-F5EC-4BA3-B260-DBAA908D7DB4}.Release|Any CPU.Build.0 = Release|Any CPU
		{3ADA3F25-F2F7-49B8-BFFF-77B9DF251DD4}.Debug|Any CPU.ActiveCfg = Debug|Any CPU
		{3ADA3F25-F2F7-49B8-BFFF-77B9DF251DD4}.Debug|Any CPU.Build.0 = Debug|Any CPU
		{3ADA3F25-F2F7-49B8-BFFF-77B9DF251DD4}.Release|Any CPU.ActiveCfg = Release|Any CPU
		{3ADA3F25-F2F7-49B8-BFFF-77B9DF251DD4}.Release|Any CPU.Build.0 = Release|Any CPU
	EndGlobalSection
	GlobalSection(SolutionProperties) = preSolution
		HideSolutionNode = FALSE
	EndGlobalSection
	GlobalSection(ExtensibilityGlobals) = postSolution
		SolutionGuid = {3F67FCAE-30A1-497E-9851-D939F36A5064}
	EndGlobalSection
EndGlobal
